
Microsoft Visual Studio Solution File, Format Version 12.00
# Visual Studio Version 16
VisualStudioVersion = 16.0.29209.152
MinimumVisualStudioVersion = 10.0.40219.1
Project("{FAE04EC0-301F-11D3-BF4B-00C04F79EFBC}") = "Pegassus.Web", "Pegassus.Web\Pegassus.Web.csproj", "{DCD8D94A-12AA-42E4-BD9D-830354637FB0}"
EndProject
Project("{FAE04EC0-301F-11D3-BF4B-00C04F79EFBC}") = "Pegasssus.Common", "Pegasssus.Common\Pegasssus.Common.csproj", "{62457431-9F92-4766-B918-1AF83CB8041C}"
EndProject
Project("{FAE04EC0-301F-11D3-BF4B-00C04F79EFBC}") = "Pegassus.Prism", "Pegassus.Prism\Pegassus.Prism\Pegassus.Prism.csproj", "{DD4369C4-621F-4FAC-AE40-F17070475F0D}"
EndProject
Project("{FAE04EC0-301F-11D3-BF4B-00C04F79EFBC}") = "Pegassus.Prism.Android", "Pegassus.Prism\Pegassus.Prism.Android\Pegassus.Prism.Android.csproj", "{A7DB74BE-4374-489A-B83B-400831469EAD}"
EndProject
Project("{FAE04EC0-301F-11D3-BF4B-00C04F79EFBC}") = "Pegassus.Prism.iOS", "Pegassus.Prism\Pegassus.Prism.iOS\Pegassus.Prism.iOS.csproj", "{147DE4FA-C37C-4BF8-88A1-8657F1AF91A4}"
EndProject
Global
	GlobalSection(SolutionConfigurationPlatforms) = preSolution
		Ad-Hoc|Any CPU = Ad-Hoc|Any CPU
		Ad-Hoc|iPhone = Ad-Hoc|iPhone
		Ad-Hoc|iPhoneSimulator = Ad-Hoc|iPhoneSimulator
		AppStore|Any CPU = AppStore|Any CPU
		AppStore|iPhone = AppStore|iPhone
		AppStore|iPhoneSimulator = AppStore|iPhoneSimulator
		Debug|Any CPU = Debug|Any CPU
		Debug|iPhone = Debug|iPhone
		Debug|iPhoneSimulator = Debug|iPhoneSimulator
		Release|Any CPU = Release|Any CPU
		Release|iPhone = Release|iPhone
		Release|iPhoneSimulator = Release|iPhoneSimulator
	EndGlobalSection
	GlobalSection(ProjectConfigurationPlatforms) = postSolution
		{DCD8D94A-12AA-42E4-BD9D-830354637FB0}.Ad-Hoc|Any CPU.ActiveCfg = Debug|Any CPU
		{DCD8D94A-12AA-42E4-BD9D-830354637FB0}.Ad-Hoc|Any CPU.Build.0 = Debug|Any CPU
		{DCD8D94A-12AA-42E4-BD9D-830354637FB0}.Ad-Hoc|iPhone.ActiveCfg = Debug|Any CPU
		{DCD8D94A-12AA-42E4-BD9D-830354637FB0}.Ad-Hoc|iPhone.Build.0 = Debug|Any CPU
		{DCD8D94A-12AA-42E4-BD9D-830354637FB0}.Ad-Hoc|iPhoneSimulator.ActiveCfg = Debug|Any CPU
		{DCD8D94A-12AA-42E4-BD9D-830354637FB0}.Ad-Hoc|iPhoneSimulator.Build.0 = Debug|Any CPU
		{DCD8D94A-12AA-42E4-BD9D-830354637FB0}.AppStore|Any CPU.ActiveCfg = Debug|Any CPU
		{DCD8D94A-12AA-42E4-BD9D-830354637FB0}.AppStore|Any CPU.Build.0 = Debug|Any CPU
		{DCD8D94A-12AA-42E4-BD9D-830354637FB0}.AppStore|iPhone.ActiveCfg = Debug|Any CPU
		{DCD8D94A-12AA-42E4-BD9D-830354637FB0}.AppStore|iPhone.Build.0 = Debug|Any CPU
		{DCD8D94A-12AA-42E4-BD9D-830354637FB0}.AppStore|iPhoneSimulator.ActiveCfg = Debug|Any CPU
		{DCD8D94A-12AA-42E4-BD9D-830354637FB0}.AppStore|iPhoneSimulator.Build.0 = Debug|Any CPU
		{DCD8D94A-12AA-42E4-BD9D-830354637FB0}.Debug|Any CPU.ActiveCfg = Debug|Any CPU
		{DCD8D94A-12AA-42E4-BD9D-830354637FB0}.Debug|Any CPU.Build.0 = Debug|Any CPU
		{DCD8D94A-12AA-42E4-BD9D-830354637FB0}.Debug|iPhone.ActiveCfg = Debug|Any CPU
		{DCD8D94A-12AA-42E4-BD9D-830354637FB0}.Debug|iPhone.Build.0 = Debug|Any CPU
		{DCD8D94A-12AA-42E4-BD9D-830354637FB0}.Debug|iPhoneSimulator.ActiveCfg = Debug|Any CPU
		{DCD8D94A-12AA-42E4-BD9D-830354637FB0}.Debug|iPhoneSimulator.Build.0 = Debug|Any CPU
		{DCD8D94A-12AA-42E4-BD9D-830354637FB0}.Release|Any CPU.ActiveCfg = Release|Any CPU
		{DCD8D94A-12AA-42E4-BD9D-830354637FB0}.Release|Any CPU.Build.0 = Release|Any CPU
		{DCD8D94A-12AA-42E4-BD9D-830354637FB0}.Release|iPhone.ActiveCfg = Release|Any CPU
		{DCD8D94A-12AA-42E4-BD9D-830354637FB0}.Release|iPhone.Build.0 = Release|Any CPU
		{DCD8D94A-12AA-42E4-BD9D-830354637FB0}.Release|iPhoneSimulator.ActiveCfg = Release|Any CPU
		{DCD8D94A-12AA-42E4-BD9D-830354637FB0}.Release|iPhoneSimulator.Build.0 = Release|Any CPU
		{62457431-9F92-4766-B918-1AF83CB8041C}.Ad-Hoc|Any CPU.ActiveCfg = Debug|Any CPU
		{62457431-9F92-4766-B918-1AF83CB8041C}.Ad-Hoc|Any CPU.Build.0 = Debug|Any CPU
		{62457431-9F92-4766-B918-1AF83CB8041C}.Ad-Hoc|iPhone.ActiveCfg = Debug|Any CPU
		{62457431-9F92-4766-B918-1AF83CB8041C}.Ad-Hoc|iPhone.Build.0 = Debug|Any CPU
		{62457431-9F92-4766-B918-1AF83CB8041C}.Ad-Hoc|iPhoneSimulator.ActiveCfg = Debug|Any CPU
		{62457431-9F92-4766-B918-1AF83CB8041C}.Ad-Hoc|iPhoneSimulator.Build.0 = Debug|Any CPU
		{62457431-9F92-4766-B918-1AF83CB8041C}.AppStore|Any CPU.ActiveCfg = Debug|Any CPU
		{62457431-9F92-4766-B918-1AF83CB8041C}.AppStore|Any CPU.Build.0 = Debug|Any CPU
		{62457431-9F92-4766-B918-1AF83CB8041C}.AppStore|iPhone.ActiveCfg = Debug|Any CPU
		{62457431-9F92-4766-B918-1AF83CB8041C}.AppStore|iPhone.Build.0 = Debug|Any CPU
		{62457431-9F92-4766-B918-1AF83CB8041C}.AppStore|iPhoneSimulator.ActiveCfg = Debug|Any CPU
		{62457431-9F92-4766-B918-1AF83CB8041C}.AppStore|iPhoneSimulator.Build.0 = Debug|Any CPU
		{62457431-9F92-4766-B918-1AF83CB8041C}.Debug|Any CPU.ActiveCfg = Debug|Any CPU
		{62457431-9F92-4766-B918-1AF83CB8041C}.Debug|Any CPU.Build.0 = Debug|Any CPU
		{62457431-9F92-4766-B918-1AF83CB8041C}.Debug|iPhone.ActiveCfg = Debug|Any CPU
		{62457431-9F92-4766-B918-1AF83CB8041C}.Debug|iPhone.Build.0 = Debug|Any CPU
		{62457431-9F92-4766-B918-1AF83CB8041C}.Debug|iPhoneSimulator.ActiveCfg = Debug|Any CPU
		{62457431-9F92-4766-B918-1AF83CB8041C}.Debug|iPhoneSimulator.Build.0 = Debug|Any CPU
		{62457431-9F92-4766-B918-1AF83CB8041C}.Release|Any CPU.ActiveCfg = Release|Any CPU
		{62457431-9F92-4766-B918-1AF83CB8041C}.Release|Any CPU.Build.0 = Release|Any CPU
		{62457431-9F92-4766-B918-1AF83CB8041C}.Release|iPhone.ActiveCfg = Release|Any CPU
		{62457431-9F92-4766-B918-1AF83CB8041C}.Release|iPhone.Build.0 = Release|Any CPU
		{62457431-9F92-4766-B918-1AF83CB8041C}.Release|iPhoneSimulator.ActiveCfg = Release|Any CPU
		{62457431-9F92-4766-B918-1AF83CB8041C}.Release|iPhoneSimulator.Build.0 = Release|Any CPU
		{DD4369C4-621F-4FAC-AE40-F17070475F0D}.Ad-Hoc|Any CPU.ActiveCfg = Debug|Any CPU
		{DD4369C4-621F-4FAC-AE40-F17070475F0D}.Ad-Hoc|Any CPU.Build.0 = Debug|Any CPU
		{DD4369C4-621F-4FAC-AE40-F17070475F0D}.Ad-Hoc|iPhone.ActiveCfg = Debug|Any CPU
		{DD4369C4-621F-4FAC-AE40-F17070475F0D}.Ad-Hoc|iPhone.Build.0 = Debug|Any CPU
		{DD4369C4-621F-4FAC-AE40-F17070475F0D}.Ad-Hoc|iPhoneSimulator.ActiveCfg = Debug|Any CPU
		{DD4369C4-621F-4FAC-AE40-F17070475F0D}.Ad-Hoc|iPhoneSimulator.Build.0 = Debug|Any CPU
		{DD4369C4-621F-4FAC-AE40-F17070475F0D}.AppStore|Any CPU.ActiveCfg = Debug|Any CPU
		{DD4369C4-621F-4FAC-AE40-F17070475F0D}.AppStore|Any CPU.Build.0 = Debug|Any CPU
		{DD4369C4-621F-4FAC-AE40-F17070475F0D}.AppStore|iPhone.ActiveCfg = Debug|Any CPU
		{DD4369C4-621F-4FAC-AE40-F17070475F0D}.AppStore|iPhone.Build.0 = Debug|Any CPU
		{DD4369C4-621F-4FAC-AE40-F17070475F0D}.AppStore|iPhoneSimulator.ActiveCfg = Debug|Any CPU
		{DD4369C4-621F-4FAC-AE40-F17070475F0D}.AppStore|iPhoneSimulator.Build.0 = Debug|Any CPU
		{DD4369C4-621F-4FAC-AE40-F17070475F0D}.Debug|Any CPU.ActiveCfg = Debug|Any CPU
		{DD4369C4-621F-4FAC-AE40-F17070475F0D}.Debug|Any CPU.Build.0 = Debug|Any CPU
		{DD4369C4-621F-4FAC-AE40-F17070475F0D}.Debug|iPhone.ActiveCfg = Debug|Any CPU
		{DD4369C4-621F-4FAC-AE40-F17070475F0D}.Debug|iPhone.Build.0 = Debug|Any CPU
		{DD4369C4-621F-4FAC-AE40-F17070475F0D}.Debug|iPhoneSimulator.ActiveCfg = Debug|Any CPU
		{DD4369C4-621F-4FAC-AE40-F17070475F0D}.Debug|iPhoneSimulator.Build.0 = Debug|Any CPU
		{DD4369C4-621F-4FAC-AE40-F17070475F0D}.Release|Any CPU.ActiveCfg = Release|Any CPU
		{DD4369C4-621F-4FAC-AE40-F17070475F0D}.Release|Any CPU.Build.0 = Release|Any CPU
		{DD4369C4-621F-4FAC-AE40-F17070475F0D}.Release|iPhone.ActiveCfg = Release|Any CPU
		{DD4369C4-621F-4FAC-AE40-F17070475F0D}.Release|iPhone.Build.0 = Release|Any CPU
		{DD4369C4-621F-4FAC-AE40-F17070475F0D}.Release|iPhoneSimulator.ActiveCfg = Release|Any CPU
		{DD4369C4-621F-4FAC-AE40-F17070475F0D}.Release|iPhoneSimulator.Build.0 = Release|Any CPU
		{A7DB74BE-4374-489A-B83B-400831469EAD}.Ad-Hoc|Any CPU.ActiveCfg = Release|Any CPU
		{A7DB74BE-4374-489A-B83B-400831469EAD}.Ad-Hoc|Any CPU.Build.0 = Release|Any CPU
		{A7DB74BE-4374-489A-B83B-400831469EAD}.Ad-Hoc|Any CPU.Deploy.0 = Release|Any CPU
		{A7DB74BE-4374-489A-B83B-400831469EAD}.Ad-Hoc|iPhone.ActiveCfg = Release|Any CPU
		{A7DB74BE-4374-489A-B83B-400831469EAD}.Ad-Hoc|iPhone.Build.0 = Release|Any CPU
		{A7DB74BE-4374-489A-B83B-400831469EAD}.Ad-Hoc|iPhone.Deploy.0 = Release|Any CPU
		{A7DB74BE-4374-489A-B83B-400831469EAD}.Ad-Hoc|iPhoneSimulator.ActiveCfg = Release|Any CPU
		{A7DB74BE-4374-489A-B83B-400831469EAD}.Ad-Hoc|iPhoneSimulator.Build.0 = Release|Any CPU
		{A7DB74BE-4374-489A-B83B-400831469EAD}.Ad-Hoc|iPhoneSimulator.Deploy.0 = Release|Any CPU
		{A7DB74BE-4374-489A-B83B-400831469EAD}.AppStore|Any CPU.ActiveCfg = Release|Any CPU
		{A7DB74BE-4374-489A-B83B-400831469EAD}.AppStore|Any CPU.Build.0 = Release|Any CPU
		{A7DB74BE-4374-489A-B83B-400831469EAD}.AppStore|Any CPU.Deploy.0 = Release|Any CPU
		{A7DB74BE-4374-489A-B83B-400831469EAD}.AppStore|iPhone.ActiveCfg = Release|Any CPU
		{A7DB74BE-4374-489A-B83B-400831469EAD}.AppStore|iPhone.Build.0 = Release|Any CPU
		{A7DB74BE-4374-489A-B83B-400831469EAD}.AppStore|iPhone.Deploy.0 = Release|Any CPU
		{A7DB74BE-4374-489A-B83B-400831469EAD}.AppStore|iPhoneSimulator.ActiveCfg = Release|Any CPU
		{A7DB74BE-4374-489A-B83B-400831469EAD}.AppStore|iPhoneSimulator.Build.0 = Release|Any CPU
		{A7DB74BE-4374-489A-B83B-400831469EAD}.AppStore|iPhoneSimulator.Deploy.0 = Release|Any CPU
		{A7DB74BE-4374-489A-B83B-400831469EAD}.Debug|Any CPU.ActiveCfg = Debug|Any CPU
		{A7DB74BE-4374-489A-B83B-400831469EAD}.Debug|Any CPU.Build.0 = Debug|Any CPU
		{A7DB74BE-4374-489A-B83B-400831469EAD}.Debug|Any CPU.Deploy.0 = Debug|Any CPU
		{A7DB74BE-4374-489A-B83B-400831469EAD}.Debug|iPhone.ActiveCfg = Debug|Any CPU
		{A7DB74BE-4374-489A-B83B-400831469EAD}.Debug|iPhone.Build.0 = Debug|Any CPU
		{A7DB74BE-4374-489A-B83B-400831469EAD}.Debug|iPhone.Deploy.0 = Debug|Any CPU
		{A7DB74BE-4374-489A-B83B-400831469EAD}.Debug|iPhoneSimulator.ActiveCfg = Debug|Any CPU
		{A7DB74BE-4374-489A-B83B-400831469EAD}.Debug|iPhoneSimulator.Build.0 = Debug|Any CPU
		{A7DB74BE-4374-489A-B83B-400831469EAD}.Debug|iPhoneSimulator.Deploy.0 = Debug|Any CPU
		{A7DB74BE-4374-489A-B83B-400831469EAD}.Release|Any CPU.ActiveCfg = Release|Any CPU
		{A7DB74BE-4374-489A-B83B-400831469EAD}.Release|Any CPU.Build.0 = Release|Any CPU
		{A7DB74BE-4374-489A-B83B-400831469EAD}.Release|Any CPU.Deploy.0 = Release|Any CPU
		{A7DB74BE-4374-489A-B83B-400831469EAD}.Release|iPhone.ActiveCfg = Release|Any CPU
		{A7DB74BE-4374-489A-B83B-400831469EAD}.Release|iPhone.Build.0 = Release|Any CPU
		{A7DB74BE-4374-489A-B83B-400831469EAD}.Release|iPhone.Deploy.0 = Release|Any CPU
		{A7DB74BE-4374-489A-B83B-400831469EAD}.Release|iPhoneSimulator.ActiveCfg = Release|Any CPU
		{A7DB74BE-4374-489A-B83B-400831469EAD}.Release|iPhoneSimulator.Build.0 = Release|Any CPU
		{A7DB74BE-4374-489A-B83B-400831469EAD}.Release|iPhoneSimulator.Deploy.0 = Release|Any CPU
		{147DE4FA-C37C-4BF8-88A1-8657F1AF91A4}.Ad-Hoc|Any CPU.ActiveCfg = Ad-Hoc|iPhone
		{147DE4FA-C37C-4BF8-88A1-8657F1AF91A4}.Ad-Hoc|iPhone.ActiveCfg = Ad-Hoc|iPhone
		{147DE4FA-C37C-4BF8-88A1-8657F1AF91A4}.Ad-Hoc|iPhone.Build.0 = Ad-Hoc|iPhone
		{147DE4FA-C37C-4BF8-88A1-8657F1AF91A4}.Ad-Hoc|iPhoneSimulator.ActiveCfg = Ad-Hoc|iPhoneSimulator
		{147DE4FA-C37C-4BF8-88A1-8657F1AF91A4}.Ad-Hoc|iPhoneSimulator.Build.0 = Ad-Hoc|iPhoneSimulator
		{147DE4FA-C37C-4BF8-88A1-8657F1AF91A4}.AppStore|Any CPU.ActiveCfg = AppStore|iPhone
		{147DE4FA-C37C-4BF8-88A1-8657F1AF91A4}.AppStore|iPhone.ActiveCfg = AppStore|iPhone
		{147DE4FA-C37C-4BF8-88A1-8657F1AF91A4}.AppStore|iPhone.Build.0 = AppStore|iPhone
		{147DE4FA-C37C-4BF8-88A1-8657F1AF91A4}.AppStore|iPhoneSimulator.ActiveCfg = AppStore|iPhoneSimulator
		{147DE4FA-C37C-4BF8-88A1-8657F1AF91A4}.AppStore|iPhoneSimulator.Build.0 = AppStore|iPhoneSimulator
		{147DE4FA-C37C-4BF8-88A1-8657F1AF91A4}.Debug|Any CPU.ActiveCfg = Debug|iPhone
		{147DE4FA-C37C-4BF8-88A1-8657F1AF91A4}.Debug|iPhone.ActiveCfg = Debug|iPhone
		{147DE4FA-C37C-4BF8-88A1-8657F1AF91A4}.Debug|iPhone.Build.0 = Debug|iPhone
		{147DE4FA-C37C-4BF8-88A1-8657F1AF91A4}.Debug|iPhoneSimulator.ActiveCfg = Debug|iPhoneSimulator
		{147DE4FA-C37C-4BF8-88A1-8657F1AF91A4}.Debug|iPhoneSimulator.Build.0 = Debug|iPhoneSimulator
		{147DE4FA-C37C-4BF8-88A1-8657F1AF91A4}.Release|Any CPU.ActiveCfg = Release|iPhone
		{147DE4FA-C37C-4BF8-88A1-8657F1AF91A4}.Release|iPhone.ActiveCfg = Release|iPhone
		{147DE4FA-C37C-4BF8-88A1-8657F1AF91A4}.Release|iPhone.Build.0 = Release|iPhone
		{147DE4FA-C37C-4BF8-88A1-8657F1AF91A4}.Release|iPhoneSimulator.ActiveCfg = Release|iPhoneSimulator
		{147DE4FA-C37C-4BF8-88A1-8657F1AF91A4}.Release|iPhoneSimulator.Build.0 = Release|iPhoneSimulator
	EndGlobalSection
	GlobalSection(SolutionProperties) = preSolution
		HideSolutionNode = FALSE
	EndGlobalSection
	GlobalSection(ExtensibilityGlobals) = postSolution
		SolutionGuid = {776C5E07-1042-445B-BAE6-32D86F0F2494}
	EndGlobalSection
EndGlobal
